
Microsoft Visual Studio Solution File, Format Version 12.00
# Visual Studio Version 16
VisualStudioVersion = 16.0.32106.194
MinimumVisualStudioVersion = 10.0.40219.1
Project("{FAE04EC0-301F-11D3-BF4B-00C04F79EFBC}") = "BDDAutomationPractice", "BDDAutomationPractice\BDDAutomationPractice.csproj", "{0730E3A4-ECED-4250-9D08-4BAA8CE0B076}"
EndProject
Global
	GlobalSection(SolutionConfigurationPlatforms) = preSolution
		Debug|Any CPU = Debug|Any CPU
		Release|Any CPU = Release|Any CPU
	EndGlobalSection
	GlobalSection(ProjectConfigurationPlatforms) = postSolution
		{0730E3A4-ECED-4250-9D08-4BAA8CE0B076}.Debug|Any CPU.ActiveCfg = Debug|Any CPU
		{0730E3A4-ECED-4250-9D08-4BAA8CE0B076}.Debug|Any CPU.Build.0 = Debug|Any CPU
		{0730E3A4-ECED-4250-9D08-4BAA8CE0B076}.Release|Any CPU.ActiveCfg = Release|Any CPU
		{0730E3A4-ECED-4250-9D08-4BAA8CE0B076}.Release|Any CPU.Build.0 = Release|Any CPU
	EndGlobalSection
	GlobalSection(SolutionProperties) = preSolution
		HideSolutionNode = FALSE
	EndGlobalSection
	GlobalSection(ExtensibilityGlobals) = postSolution
		SolutionGuid = {2DBCDF58-FA4A-467C-ADAA-FC108A3A98FA}
	EndGlobalSection
EndGlobal
